
Microsoft Visual Studio Solution File, Format Version 12.00
# Visual Studio Version 17
VisualStudioVersion = 17.0.32014.148
MinimumVisualStudioVersion = 10.0.40219.1
Project("{888888A0-9F3D-457C-B088-3A5042F75D52}") = "Projekt Warcaby", "Projekt Warcaby.pyproj", "{A7159352-7E83-4FE6-8F97-D35FC669C68D}"
EndProject
Global
	GlobalSection(SolutionConfigurationPlatforms) = preSolution
		Debug|Any CPU = Debug|Any CPU
		Release|Any CPU = Release|Any CPU
	EndGlobalSection
	GlobalSection(ProjectConfigurationPlatforms) = postSolution
		{A7159352-7E83-4FE6-8F97-D35FC669C68D}.Debug|Any CPU.ActiveCfg = Debug|Any CPU
		{A7159352-7E83-4FE6-8F97-D35FC669C68D}.Release|Any CPU.ActiveCfg = Release|Any CPU
	EndGlobalSection
	GlobalSection(SolutionProperties) = preSolution
		HideSolutionNode = FALSE
	EndGlobalSection
	GlobalSection(ExtensibilityGlobals) = postSolution
		SolutionGuid = {A0A82535-D991-4346-A723-7660E0B73F1E}
	EndGlobalSection
EndGlobal
